{
    "_readme": [
        "This file locks the dependencies of your project to a known state",
        "Read more about it at http://getcomposer.org/doc/01-basic-usage.md#composer-lock-the-lock-file",
        "This file is @generated automatically"
    ],
    "hash": "9940c0969ad6b1d1857fa21d2e1e1da0",
    "packages": [
        {
            "name": "altorouter/altorouter",
            "version": "v1.1.0",
            "source": {
                "type": "git",
                "url": "https://github.com/dannyvankooten/AltoRouter.git",
                "reference": "09d9d946c546bae6d22a7654cdb3b825ffda54b4"
            },
            "dist": {
                "type": "zip",
                "url": "https://api.github.com/repos/dannyvankooten/AltoRouter/zipball/09d9d946c546bae6d22a7654cdb3b825ffda54b4",
                "reference": "09d9d946c546bae6d22a7654cdb3b825ffda54b4",
                "shasum": ""
            },
            "require": {
                "php": ">=5.3.0"
            },
            "type": "library",
            "autoload": {
                "classmap": [
                    "AltoRouter.php"
                ]
            },
            "notification-url": "https://packagist.org/downloads/",
            "license": [
                "MIT"
            ],
            "authors": [
                {
                    "name": "Danny van Kooten",
                    "email": "dannyvankooten@gmail.com",
                    "homepage": "http://dannyvankooten.com/"
                },
                {
                    "name": "Koen Punt",
                    "homepage": "https://github.com/koenpunt"
                },
                {
                    "name": "niahoo",
                    "homepage": "https://github.com/niahoo"
                }
            ],
            "description": "A lightning fast router for PHP",
            "homepage": "https://github.com/dannyvankooten/AltoRouter",
            "keywords": [
                "lightweight",
                "router",
                "routing"
            ],
            "time": "2014-04-16 09:44:40"
        },
        {
            "name": "wixel/gump",
            "version": "dev-master",
            "source": {
                "type": "git",
                "url": "https://github.com/Wixel/GUMP.git",
                "reference": "3b2ffa415b334638df658573357b59ace90cb397"
            },
            "dist": {
                "type": "zip",
                "url": "https://api.github.com/repos/Wixel/GUMP/zipball/3b2ffa415b334638df658573357b59ace90cb397",
                "reference": "3b2ffa415b334638df658573357b59ace90cb397",
                "shasum": ""
            },
            "type": "library",
            "autoload": {
                "files": [
                    "gump.class.php"
                ]
            },
            "notification-url": "https://packagist.org/downloads/",
            "license": [
                "MIT"
            ],
            "authors": [
                {
                    "name": "Colleen Emryss",
                    "homepage": "http://skitter.tv"
                },
                {
                    "name": "Mark Slingsby",
                    "homepage": "http://www.rsaweb.co.za"
                },
                {
                    "name": "Roy de Kleijn",
                    "homepage": "http://roydekleijn.com"
                },
                {
                    "name": "Christian Klisch",
                    "homepage": "http://www.christian-klisch.de/"
                },
                {
                    "name": "Inge Brattaas",
                    "homepage": "http://res.no/"
                },
                {
                    "name": "Sean Nieuwoudt",
                    "homepage": "http://wixelhq.com"
                },
                {
                    "name": "Rob Crowe",
                    "homepage": "http://vivalacrowe.com"
                }
            ],
            "description": "A fast, extensible & stand-alone PHP input validation class that allows you to validate any data",
            "homepage": "http://wixelhq.com/",
            "time": "2015-03-18 13:56:49"
        }
    ],
    "packages-dev": [],
    "aliases": [],
    "minimum-stability": "stable",
    "stability-flags": {
        "wixel/gump": 20
    },
    "prefer-stable": false,
    "prefer-lowest": false,
    "platform": [],
    "platform-dev": []
}
